
Microsoft Visual Studio Solution File, Format Version 11.00
# Visual Studio 2010
Project("{FAE04EC0-301F-11D3-BF4B-00C04F79EFBC}") = "test", "test\test.csproj", "{0B6252ED-04EC-42E7-8A92-A11892339D23}"
EndProject
Global
	GlobalSection(SolutionConfigurationPlatforms) = preSolution
		Debug|Any CPU = Debug|Any CPU
		Release|Any CPU = Release|Any CPU
	EndGlobalSection
	GlobalSection(ProjectConfigurationPlatforms) = postSolution
		{0B6252ED-04EC-42E7-8A92-A11892339D23}.Debug|Any CPU.ActiveCfg = Debug|Any CPU
		{0B6252ED-04EC-42E7-8A92-A11892339D23}.Debug|Any CPU.Build.0 = Debug|Any CPU
		{0B6252ED-04EC-42E7-8A92-A11892339D23}.Release|Any CPU.ActiveCfg = Release|Any CPU
		{0B6252ED-04EC-42E7-8A92-A11892339D23}.Release|Any CPU.Build.0 = Release|Any CPU
	EndGlobalSection
	GlobalSection(MonoDevelopProperties) = preSolution
		StartupItem = test\test.csproj
	EndGlobalSection
EndGlobal
