
Microsoft Visual Studio Solution File, Format Version 12.00
# Visual Studio 2012
Project("{FAE04EC0-301F-11D3-BF4B-00C04F79EFBC}") = "Zad366", "Zad366\Zad366.csproj", "{60208C27-2781-4AA2-9B50-8C22DA34E587}"
EndProject
Global
	GlobalSection(SolutionConfigurationPlatforms) = preSolution
		Debug|Any CPU = Debug|Any CPU
		Release|Any CPU = Release|Any CPU
	EndGlobalSection
	GlobalSection(ProjectConfigurationPlatforms) = postSolution
		{60208C27-2781-4AA2-9B50-8C22DA34E587}.Debug|Any CPU.ActiveCfg = Debug|Any CPU
		{60208C27-2781-4AA2-9B50-8C22DA34E587}.Debug|Any CPU.Build.0 = Debug|Any CPU
		{60208C27-2781-4AA2-9B50-8C22DA34E587}.Release|Any CPU.ActiveCfg = Release|Any CPU
		{60208C27-2781-4AA2-9B50-8C22DA34E587}.Release|Any CPU.Build.0 = Release|Any CPU
	EndGlobalSection
	GlobalSection(SolutionProperties) = preSolution
		HideSolutionNode = FALSE
	EndGlobalSection
EndGlobal
